
Microsoft Visual Studio Solution File, Format Version 12.00
# Visual Studio Version 16
VisualStudioVersion = 16.0.30907.101
MinimumVisualStudioVersion = 10.0.40219.1
Project("{FAE04EC0-301F-11D3-BF4B-00C04F79EFBC}") = "Homework_delegate", "Homework_delegate\Homework_delegate.csproj", "{3CA38B6F-6602-4E08-92F0-31390EA7F8A5}"
EndProject
Global
	GlobalSection(SolutionConfigurationPlatforms) = preSolution
		Debug|Any CPU = Debug|Any CPU
		Release|Any CPU = Release|Any CPU
	EndGlobalSection
	GlobalSection(ProjectConfigurationPlatforms) = postSolution
		{3CA38B6F-6602-4E08-92F0-31390EA7F8A5}.Debug|Any CPU.ActiveCfg = Debug|Any CPU
		{3CA38B6F-6602-4E08-92F0-31390EA7F8A5}.Debug|Any CPU.Build.0 = Debug|Any CPU
		{3CA38B6F-6602-4E08-92F0-31390EA7F8A5}.Release|Any CPU.ActiveCfg = Release|Any CPU
		{3CA38B6F-6602-4E08-92F0-31390EA7F8A5}.Release|Any CPU.Build.0 = Release|Any CPU
	EndGlobalSection
	GlobalSection(SolutionProperties) = preSolution
		HideSolutionNode = FALSE
	EndGlobalSection
	GlobalSection(ExtensibilityGlobals) = postSolution
		SolutionGuid = {6330EBE6-8250-49B7-8D00-6A7801261528}
	EndGlobalSection
EndGlobal
