
Microsoft Visual Studio Solution File, Format Version 12.00
# Visual Studio Version 16
VisualStudioVersion = 16.0.30907.101
MinimumVisualStudioVersion = 10.0.40219.1
Project("{FAE04EC0-301F-11D3-BF4B-00C04F79EFBC}") = "Homework_inheritance", "Homework_inheritance\Homework_inheritance.csproj", "{47A8A7CE-8A83-4BB3-B1BC-A3AA8EF55BE3}"
EndProject
Global
	GlobalSection(SolutionConfigurationPlatforms) = preSolution
		Debug|Any CPU = Debug|Any CPU
		Release|Any CPU = Release|Any CPU
	EndGlobalSection
	GlobalSection(ProjectConfigurationPlatforms) = postSolution
		{47A8A7CE-8A83-4BB3-B1BC-A3AA8EF55BE3}.Debug|Any CPU.ActiveCfg = Debug|Any CPU
		{47A8A7CE-8A83-4BB3-B1BC-A3AA8EF55BE3}.Debug|Any CPU.Build.0 = Debug|Any CPU
		{47A8A7CE-8A83-4BB3-B1BC-A3AA8EF55BE3}.Release|Any CPU.ActiveCfg = Release|Any CPU
		{47A8A7CE-8A83-4BB3-B1BC-A3AA8EF55BE3}.Release|Any CPU.Build.0 = Release|Any CPU
	EndGlobalSection
	GlobalSection(SolutionProperties) = preSolution
		HideSolutionNode = FALSE
	EndGlobalSection
	GlobalSection(ExtensibilityGlobals) = postSolution
		SolutionGuid = {79F1A06A-EF5F-4429-9C22-026D75CDA17E}
	EndGlobalSection
EndGlobal
