
Microsoft Visual Studio Solution File, Format Version 12.00
# Visual Studio Version 16
VisualStudioVersion = 16.0.30907.101
MinimumVisualStudioVersion = 10.0.40219.1
Project("{FAE04EC0-301F-11D3-BF4B-00C04F79EFBC}") = "Homework_serialization", "Homework_serialization\Homework_serialization.csproj", "{48B46B9E-2417-4CEB-96B9-3E0A378B08FB}"
EndProject
Global
	GlobalSection(SolutionConfigurationPlatforms) = preSolution
		Debug|Any CPU = Debug|Any CPU
		Release|Any CPU = Release|Any CPU
	EndGlobalSection
	GlobalSection(ProjectConfigurationPlatforms) = postSolution
		{48B46B9E-2417-4CEB-96B9-3E0A378B08FB}.Debug|Any CPU.ActiveCfg = Debug|Any CPU
		{48B46B9E-2417-4CEB-96B9-3E0A378B08FB}.Debug|Any CPU.Build.0 = Debug|Any CPU
		{48B46B9E-2417-4CEB-96B9-3E0A378B08FB}.Release|Any CPU.ActiveCfg = Release|Any CPU
		{48B46B9E-2417-4CEB-96B9-3E0A378B08FB}.Release|Any CPU.Build.0 = Release|Any CPU
	EndGlobalSection
	GlobalSection(SolutionProperties) = preSolution
		HideSolutionNode = FALSE
	EndGlobalSection
	GlobalSection(ExtensibilityGlobals) = postSolution
		SolutionGuid = {A427A7B4-F792-457F-BD6A-E47FFF2C74E5}
	EndGlobalSection
EndGlobal
